
Microsoft Visual Studio Solution File, Format Version 12.00
# Visual Studio Version 17
VisualStudioVersion = 17.9.34616.47
MinimumVisualStudioVersion = 10.0.40219.1
Project("{FAE04EC0-301F-11D3-BF4B-00C04F79EFBC}") = "Cork-Technical", "Cork-Technical.csproj", "{309475D1-9527-46FB-8D93-0D0F379DDC73}"
EndProject
Global
	GlobalSection(SolutionConfigurationPlatforms) = preSolution
		Debug|Any CPU = Debug|Any CPU
		Release|Any CPU = Release|Any CPU
	EndGlobalSection
	GlobalSection(ProjectConfigurationPlatforms) = postSolution
		{309475D1-9527-46FB-8D93-0D0F379DDC73}.Debug|Any CPU.ActiveCfg = Debug|Any CPU
		{309475D1-9527-46FB-8D93-0D0F379DDC73}.Debug|Any CPU.Build.0 = Debug|Any CPU
		{309475D1-9527-46FB-8D93-0D0F379DDC73}.Release|Any CPU.ActiveCfg = Release|Any CPU
		{309475D1-9527-46FB-8D93-0D0F379DDC73}.Release|Any CPU.Build.0 = Release|Any CPU
	EndGlobalSection
	GlobalSection(SolutionProperties) = preSolution
		HideSolutionNode = FALSE
	EndGlobalSection
	GlobalSection(ExtensibilityGlobals) = postSolution
		SolutionGuid = {6F034068-35DC-4C21-865F-CC10B2D34317}
	EndGlobalSection
EndGlobal
